
Microsoft Visual Studio Solution File, Format Version 12.00
# Visual Studio Version 16
VisualStudioVersion = 16.0.30320.27
MinimumVisualStudioVersion = 15.0.26124.0
Project("{9A19103F-16F7-4668-BE54-9A1E7A4F7556}") = "ThemeMeUp.ConsoleApp", "ThemeMeUp.ConsoleApp\ThemeMeUp.ConsoleApp.csproj", "{11E0DF36-B63D-4580-B77D-C2509978D7FA}"
EndProject
Project("{9A19103F-16F7-4668-BE54-9A1E7A4F7556}") = "ThemeMeUp.Tests", "ThemeMeUp.Tests\ThemeMeUp.Tests.csproj", "{372133DA-F0F5-437C-8AA7-2691633B5CCE}"
EndProject
Project("{9A19103F-16F7-4668-BE54-9A1E7A4F7556}") = "ThemeMeUp.ApiWrapper", "ThemeMeUp.ApiWrapper\ThemeMeUp.ApiWrapper.csproj", "{AC09DACC-B010-48DE-85AE-BD6773BA9A5B}"
EndProject
Project("{9A19103F-16F7-4668-BE54-9A1E7A4F7556}") = "ThemeMeUp.Infrastructure", "ThemeMeUp.Infrastructure\ThemeMeUp.Infrastructure.csproj", "{2643A963-A6E9-4E1D-9425-F15BF4267F47}"
EndProject
Project("{9A19103F-16F7-4668-BE54-9A1E7A4F7556}") = "ThemeMeUp.Core", "ThemeMeUp.Core\ThemeMeUp.Core.csproj", "{DEDF99E8-AE3F-4A0E-8879-DD4A3DDA2A16}"
EndProject
Project("{9A19103F-16F7-4668-BE54-9A1E7A4F7556}") = "ThemeMeUp.Avalonia", "ThemeMeUp.Avalonia\ThemeMeUp.Avalonia.csproj", "{DB3B6950-DAF4-47A2-8CC4-D501FA22265C}"
EndProject
Project("{2150E333-8FDC-42A3-9474-1A3956D46DE8}") = "UI", "UI", "{4C785FFF-7143-43FB-9B71-65788E1CA061}"
EndProject
Global
	GlobalSection(SolutionConfigurationPlatforms) = preSolution
		Debug|Any CPU = Debug|Any CPU
		Debug|x64 = Debug|x64
		Debug|x86 = Debug|x86
		Release|Any CPU = Release|Any CPU
		Release|x64 = Release|x64
		Release|x86 = Release|x86
	EndGlobalSection
	GlobalSection(ProjectConfigurationPlatforms) = postSolution
		{11E0DF36-B63D-4580-B77D-C2509978D7FA}.Debug|Any CPU.ActiveCfg = Debug|Any CPU
		{11E0DF36-B63D-4580-B77D-C2509978D7FA}.Debug|Any CPU.Build.0 = Debug|Any CPU
		{11E0DF36-B63D-4580-B77D-C2509978D7FA}.Debug|x64.ActiveCfg = Debug|Any CPU
		{11E0DF36-B63D-4580-B77D-C2509978D7FA}.Debug|x64.Build.0 = Debug|Any CPU
		{11E0DF36-B63D-4580-B77D-C2509978D7FA}.Debug|x86.ActiveCfg = Debug|Any CPU
		{11E0DF36-B63D-4580-B77D-C2509978D7FA}.Debug|x86.Build.0 = Debug|Any CPU
		{11E0DF36-B63D-4580-B77D-C2509978D7FA}.Release|Any CPU.ActiveCfg = Release|Any CPU
		{11E0DF36-B63D-4580-B77D-C2509978D7FA}.Release|Any CPU.Build.0 = Release|Any CPU
		{11E0DF36-B63D-4580-B77D-C2509978D7FA}.Release|x64.ActiveCfg = Release|Any CPU
		{11E0DF36-B63D-4580-B77D-C2509978D7FA}.Release|x64.Build.0 = Release|Any CPU
		{11E0DF36-B63D-4580-B77D-C2509978D7FA}.Release|x86.ActiveCfg = Release|Any CPU
		{11E0DF36-B63D-4580-B77D-C2509978D7FA}.Release|x86.Build.0 = Release|Any CPU
		{372133DA-F0F5-437C-8AA7-2691633B5CCE}.Debug|Any CPU.ActiveCfg = Debug|Any CPU
		{372133DA-F0F5-437C-8AA7-2691633B5CCE}.Debug|Any CPU.Build.0 = Debug|Any CPU
		{372133DA-F0F5-437C-8AA7-2691633B5CCE}.Debug|x64.ActiveCfg = Debug|Any CPU
		{372133DA-F0F5-437C-8AA7-2691633B5CCE}.Debug|x64.Build.0 = Debug|Any CPU
		{372133DA-F0F5-437C-8AA7-2691633B5CCE}.Debug|x86.ActiveCfg = Debug|Any CPU
		{372133DA-F0F5-437C-8AA7-2691633B5CCE}.Debug|x86.Build.0 = Debug|Any CPU
		{372133DA-F0F5-437C-8AA7-2691633B5CCE}.Release|Any CPU.ActiveCfg = Release|Any CPU
		{372133DA-F0F5-437C-8AA7-2691633B5CCE}.Release|Any CPU.Build.0 = Release|Any CPU
		{372133DA-F0F5-437C-8AA7-2691633B5CCE}.Release|x64.ActiveCfg = Release|Any CPU
		{372133DA-F0F5-437C-8AA7-2691633B5CCE}.Release|x64.Build.0 = Release|Any CPU
		{372133DA-F0F5-437C-8AA7-2691633B5CCE}.Release|x86.ActiveCfg = Release|Any CPU
		{372133DA-F0F5-437C-8AA7-2691633B5CCE}.Release|x86.Build.0 = Release|Any CPU
		{AC09DACC-B010-48DE-85AE-BD6773BA9A5B}.Debug|Any CPU.ActiveCfg = Debug|Any CPU
		{AC09DACC-B010-48DE-85AE-BD6773BA9A5B}.Debug|Any CPU.Build.0 = Debug|Any CPU
		{AC09DACC-B010-48DE-85AE-BD6773BA9A5B}.Debug|x64.ActiveCfg = Debug|Any CPU
		{AC09DACC-B010-48DE-85AE-BD6773BA9A5B}.Debug|x64.Build.0 = Debug|Any CPU
		{AC09DACC-B010-48DE-85AE-BD6773BA9A5B}.Debug|x86.ActiveCfg = Debug|Any CPU
		{AC09DACC-B010-48DE-85AE-BD6773BA9A5B}.Debug|x86.Build.0 = Debug|Any CPU
		{AC09DACC-B010-48DE-85AE-BD6773BA9A5B}.Release|Any CPU.ActiveCfg = Release|Any CPU
		{AC09DACC-B010-48DE-85AE-BD6773BA9A5B}.Release|Any CPU.Build.0 = Release|Any CPU
		{AC09DACC-B010-48DE-85AE-BD6773BA9A5B}.Release|x64.ActiveCfg = Release|Any CPU
		{AC09DACC-B010-48DE-85AE-BD6773BA9A5B}.Release|x64.Build.0 = Release|Any CPU
		{AC09DACC-B010-48DE-85AE-BD6773BA9A5B}.Release|x86.ActiveCfg = Release|Any CPU
		{AC09DACC-B010-48DE-85AE-BD6773BA9A5B}.Release|x86.Build.0 = Release|Any CPU
		{2643A963-A6E9-4E1D-9425-F15BF4267F47}.Debug|Any CPU.ActiveCfg = Debug|Any CPU
		{2643A963-A6E9-4E1D-9425-F15BF4267F47}.Debug|Any CPU.Build.0 = Debug|Any CPU
		{2643A963-A6E9-4E1D-9425-F15BF4267F47}.Debug|x64.ActiveCfg = Debug|Any CPU
		{2643A963-A6E9-4E1D-9425-F15BF4267F47}.Debug|x64.Build.0 = Debug|Any CPU
		{2643A963-A6E9-4E1D-9425-F15BF4267F47}.Debug|x86.ActiveCfg = Debug|Any CPU
		{2643A963-A6E9-4E1D-9425-F15BF4267F47}.Debug|x86.Build.0 = Debug|Any CPU
		{2643A963-A6E9-4E1D-9425-F15BF4267F47}.Release|Any CPU.ActiveCfg = Release|Any CPU
		{2643A963-A6E9-4E1D-9425-F15BF4267F47}.Release|Any CPU.Build.0 = Release|Any CPU
		{2643A963-A6E9-4E1D-9425-F15BF4267F47}.Release|x64.ActiveCfg = Release|Any CPU
		{2643A963-A6E9-4E1D-9425-F15BF4267F47}.Release|x64.Build.0 = Release|Any CPU
		{2643A963-A6E9-4E1D-9425-F15BF4267F47}.Release|x86.ActiveCfg = Release|Any CPU
		{2643A963-A6E9-4E1D-9425-F15BF4267F47}.Release|x86.Build.0 = Release|Any CPU
		{DEDF99E8-AE3F-4A0E-8879-DD4A3DDA2A16}.Debug|Any CPU.ActiveCfg = Debug|Any CPU
		{DEDF99E8-AE3F-4A0E-8879-DD4A3DDA2A16}.Debug|Any CPU.Build.0 = Debug|Any CPU
		{DEDF99E8-AE3F-4A0E-8879-DD4A3DDA2A16}.Debug|x64.ActiveCfg = Debug|Any CPU
		{DEDF99E8-AE3F-4A0E-8879-DD4A3DDA2A16}.Debug|x64.Build.0 = Debug|Any CPU
		{DEDF99E8-AE3F-4A0E-8879-DD4A3DDA2A16}.Debug|x86.ActiveCfg = Debug|Any CPU
		{DEDF99E8-AE3F-4A0E-8879-DD4A3DDA2A16}.Debug|x86.Build.0 = Debug|Any CPU
		{DEDF99E8-AE3F-4A0E-8879-DD4A3DDA2A16}.Release|Any CPU.ActiveCfg = Release|Any CPU
		{DEDF99E8-AE3F-4A0E-8879-DD4A3DDA2A16}.Release|Any CPU.Build.0 = Release|Any CPU
		{DEDF99E8-AE3F-4A0E-8879-DD4A3DDA2A16}.Release|x64.ActiveCfg = Release|Any CPU
		{DEDF99E8-AE3F-4A0E-8879-DD4A3DDA2A16}.Release|x64.Build.0 = Release|Any CPU
		{DEDF99E8-AE3F-4A0E-8879-DD4A3DDA2A16}.Release|x86.ActiveCfg = Release|Any CPU
		{DEDF99E8-AE3F-4A0E-8879-DD4A3DDA2A16}.Release|x86.Build.0 = Release|Any CPU
		{DB3B6950-DAF4-47A2-8CC4-D501FA22265C}.Debug|Any CPU.ActiveCfg = Debug|Any CPU
		{DB3B6950-DAF4-47A2-8CC4-D501FA22265C}.Debug|Any CPU.Build.0 = Debug|Any CPU
		{DB3B6950-DAF4-47A2-8CC4-D501FA22265C}.Debug|x64.ActiveCfg = Debug|Any CPU
		{DB3B6950-DAF4-47A2-8CC4-D501FA22265C}.Debug|x64.Build.0 = Debug|Any CPU
		{DB3B6950-DAF4-47A2-8CC4-D501FA22265C}.Debug|x86.ActiveCfg = Debug|Any CPU
		{DB3B6950-DAF4-47A2-8CC4-D501FA22265C}.Debug|x86.Build.0 = Debug|Any CPU
		{DB3B6950-DAF4-47A2-8CC4-D501FA22265C}.Release|Any CPU.ActiveCfg = Release|Any CPU
		{DB3B6950-DAF4-47A2-8CC4-D501FA22265C}.Release|Any CPU.Build.0 = Release|Any CPU
		{DB3B6950-DAF4-47A2-8CC4-D501FA22265C}.Release|x64.ActiveCfg = Release|Any CPU
		{DB3B6950-DAF4-47A2-8CC4-D501FA22265C}.Release|x64.Build.0 = Release|Any CPU
		{DB3B6950-DAF4-47A2-8CC4-D501FA22265C}.Release|x86.ActiveCfg = Release|Any CPU
		{DB3B6950-DAF4-47A2-8CC4-D501FA22265C}.Release|x86.Build.0 = Release|Any CPU
	EndGlobalSection
	GlobalSection(SolutionProperties) = preSolution
		HideSolutionNode = FALSE
	EndGlobalSection
	GlobalSection(NestedProjects) = preSolution
		{11E0DF36-B63D-4580-B77D-C2509978D7FA} = {4C785FFF-7143-43FB-9B71-65788E1CA061}
		{DB3B6950-DAF4-47A2-8CC4-D501FA22265C} = {4C785FFF-7143-43FB-9B71-65788E1CA061}
	EndGlobalSection
	GlobalSection(ExtensibilityGlobals) = postSolution
		SolutionGuid = {5CF8DDBA-5019-4F20-81D2-81329F189624}
	EndGlobalSection
EndGlobal
